// !$*UTF8*$!
{
	archiveVersion = 1;
	classes = {
	};
	objectVersion = 51;
	objects = {

/* Begin PBXBuildFile section */
		16BBCD5225FA83D10DF110EE /* Pods_GenerambaTemplatesTests.framework in Frameworks */ = {isa = PBXBuildFile; fileRef = 9C94880AD5F3AEA4B543AFD1 /* Pods_GenerambaTemplatesTests.framework */; };
		1E5EF9A7229E5EA50076113B /* AppDelegate.swift in Sources */ = {isa = PBXBuildFile; fileRef = 1E5EF9A6229E5EA50076113B /* AppDelegate.swift */; };
		1E5EF9AE229E5EA70076113B /* Assets.xcassets in Resources */ = {isa = PBXBuildFile; fileRef = 1E5EF9AD229E5EA70076113B /* Assets.xcassets */; };
		1E5EF9B1229E5EA70076113B /* LaunchScreen.storyboard in Resources */ = {isa = PBXBuildFile; fileRef = 1E5EF9AF229E5EA70076113B /* LaunchScreen.storyboard */; };
		1E5EF9BC229E5EA70076113B /* GenerambaTemplatesTests.swift in Sources */ = {isa = PBXBuildFile; fileRef = 1E5EF9BB229E5EA70076113B /* GenerambaTemplatesTests.swift */; };
		1E5EF9EC229FEBD90076113B /* RootWireframe.swift in Sources */ = {isa = PBXBuildFile; fileRef = 1E5EF9E7229FEBD70076113B /* RootWireframe.swift */; };
		1E5EF9ED229FEBD90076113B /* RootViewModel.swift in Sources */ = {isa = PBXBuildFile; fileRef = 1E5EF9E8229FEBD70076113B /* RootViewModel.swift */; };
		1E5EF9EE229FEBD90076113B /* RootViewController.swift in Sources */ = {isa = PBXBuildFile; fileRef = 1E5EF9EA229FEBD70076113B /* RootViewController.swift */; };
		1E5EF9EF229FEBD90076113B /* RootViewController.storyboard in Resources */ = {isa = PBXBuildFile; fileRef = 1E5EF9EB229FEBD70076113B /* RootViewController.storyboard */; };
		1E5EF9F4229FEC4C0076113B /* Alamofire.framework in Frameworks */ = {isa = PBXBuildFile; fileRef = 1E5EF9F0229FEC4B0076113B /* Alamofire.framework */; };
		1E5EF9F5229FEC4C0076113B /* RxSwift.framework in Frameworks */ = {isa = PBXBuildFile; fileRef = 1E5EF9F1229FEC4B0076113B /* RxSwift.framework */; };
		1E5EF9F6229FEC4C0076113B /* RxRelay.framework in Frameworks */ = {isa = PBXBuildFile; fileRef = 1E5EF9F2229FEC4B0076113B /* RxRelay.framework */; };
		1E5EF9F7229FEC4C0076113B /* RxCocoa.framework in Frameworks */ = {isa = PBXBuildFile; fileRef = 1E5EF9F3229FEC4B0076113B /* RxCocoa.framework */; };
		1E5EFA0622A03F7F0076113B /* UIComponent.framework in Frameworks */ = {isa = PBXBuildFile; fileRef = 1E5EF9FD22A03F7F0076113B /* UIComponent.framework */; };
		1E5EFA0F22A03F7F0076113B /* UIComponent.h in Headers */ = {isa = PBXBuildFile; fileRef = 1E5EF9FF22A03F7F0076113B /* UIComponent.h */; settings = {ATTRIBUTES = (Public, ); }; };
		1E5EFA1222A03F7F0076113B /* UIComponent.framework in Frameworks */ = {isa = PBXBuildFile; fileRef = 1E5EF9FD22A03F7F0076113B /* UIComponent.framework */; };
		1E5EFA1322A03F7F0076113B /* UIComponent.framework in Embed Frameworks */ = {isa = PBXBuildFile; fileRef = 1E5EF9FD22A03F7F0076113B /* UIComponent.framework */; settings = {ATTRIBUTES = (CodeSignOnCopy, RemoveHeadersOnCopy, ); }; };
		1E5EFA2922A040810076113B /* Utility.framework in Frameworks */ = {isa = PBXBuildFile; fileRef = 1E5EFA2022A040810076113B /* Utility.framework */; };
		1E5EFA3022A040810076113B /* UtilityTests.swift in Sources */ = {isa = PBXBuildFile; fileRef = 1E5EFA2F22A040810076113B /* UtilityTests.swift */; };
		1E5EFA3222A040810076113B /* Utility.h in Headers */ = {isa = PBXBuildFile; fileRef = 1E5EFA2222A040810076113B /* Utility.h */; settings = {ATTRIBUTES = (Public, ); }; };
		1E5EFA3522A040810076113B /* Utility.framework in Frameworks */ = {isa = PBXBuildFile; fileRef = 1E5EFA2022A040810076113B /* Utility.framework */; };
		1E5EFA3622A040810076113B /* Utility.framework in Embed Frameworks */ = {isa = PBXBuildFile; fileRef = 1E5EFA2022A040810076113B /* Utility.framework */; settings = {ATTRIBUTES = (CodeSignOnCopy, RemoveHeadersOnCopy, ); }; };
		1E5EFA3F22A0AD9A0076113B /* Int+Extension.swift in Sources */ = {isa = PBXBuildFile; fileRef = 1E5EFA3E22A0AD9A0076113B /* Int+Extension.swift */; };
		1E5EFA4422A0B1EC0076113B /* RoundButton.swift in Sources */ = {isa = PBXBuildFile; fileRef = 1E5EFA4322A0B1EB0076113B /* RoundButton.swift */; };
		1E6F7C5822AD3E13006F284B /* Assets.xcassets in Resources */ = {isa = PBXBuildFile; fileRef = 1E6F7C5722AD3E13006F284B /* Assets.xcassets */; };
		1E6F7C5F22AD4BE6006F284B /* DefaultAsset.swift in Sources */ = {isa = PBXBuildFile; fileRef = 1E6F7C5E22AD4BE6006F284B /* DefaultAsset.swift */; };
		1E6F7C6122AD4CE5006F284B /* Storyboards.swift in Sources */ = {isa = PBXBuildFile; fileRef = 1E6F7C6022AD4CE5006F284B /* Storyboards.swift */; };
		1E6F7C6322AD4CEC006F284B /* DefaultAsset.swift in Sources */ = {isa = PBXBuildFile; fileRef = 1E6F7C6222AD4CEC006F284B /* DefaultAsset.swift */; };
		39FC55CA8EAD0EF8A472B989 /* Pods_GenerambaTemplates.framework in Frameworks */ = {isa = PBXBuildFile; fileRef = 960D0E89EDDAE63D5EF90EF4 /* Pods_GenerambaTemplates.framework */; };
		60D97FB54D6A3A30B664E607 /* Pods_GenerambaTemplates_UIComponent.framework in Frameworks */ = {isa = PBXBuildFile; fileRef = E30634E77F1037309C3CA540 /* Pods_GenerambaTemplates_UIComponent.framework */; };
/* End PBXBuildFile section */

/* Begin PBXContainerItemProxy section */
		1E5EF9B8229E5EA70076113B /* PBXContainerItemProxy */ = {
			isa = PBXContainerItemProxy;
			containerPortal = 1E5EF99B229E5EA40076113B /* Project object */;
			proxyType = 1;
			remoteGlobalIDString = 1E5EF9A2229E5EA50076113B;
			remoteInfo = GenerambaTemplates;
		};
		1E5EFA0722A03F7F0076113B /* PBXContainerItemProxy */ = {
			isa = PBXContainerItemProxy;
			containerPortal = 1E5EF99B229E5EA40076113B /* Project object */;
			proxyType = 1;
			remoteGlobalIDString = 1E5EF9FC22A03F7F0076113B;
			remoteInfo = UIComponent;
		};
		1E5EFA0922A03F7F0076113B /* PBXContainerItemProxy */ = {
			isa = PBXContainerItemProxy;
			containerPortal = 1E5EF99B229E5EA40076113B /* Project object */;
			proxyType = 1;
			remoteGlobalIDString = 1E5EF9A2229E5EA50076113B;
			remoteInfo = GenerambaTemplates;
		};
		1E5EFA1022A03F7F0076113B /* PBXContainerItemProxy */ = {
			isa = PBXContainerItemProxy;
			containerPortal = 1E5EF99B229E5EA40076113B /* Project object */;
			proxyType = 1;
			remoteGlobalIDString = 1E5EF9FC22A03F7F0076113B;
			remoteInfo = UIComponent;
		};
		1E5EFA2A22A040810076113B /* PBXContainerItemProxy */ = {
			isa = PBXContainerItemProxy;
			containerPortal = 1E5EF99B229E5EA40076113B /* Project object */;
			proxyType = 1;
			remoteGlobalIDString = 1E5EFA1F22A040810076113B;
			remoteInfo = Utility;
		};
		1E5EFA2C22A040810076113B /* PBXContainerItemProxy */ = {
			isa = PBXContainerItemProxy;
			containerPortal = 1E5EF99B229E5EA40076113B /* Project object */;
			proxyType = 1;
			remoteGlobalIDString = 1E5EF9A2229E5EA50076113B;
			remoteInfo = GenerambaTemplates;
		};
		1E5EFA3322A040810076113B /* PBXContainerItemProxy */ = {
			isa = PBXContainerItemProxy;
			containerPortal = 1E5EF99B229E5EA40076113B /* Project object */;
			proxyType = 1;
			remoteGlobalIDString = 1E5EFA1F22A040810076113B;
			remoteInfo = Utility;
		};
/* End PBXContainerItemProxy section */

/* Begin PBXCopyFilesBuildPhase section */
		1E5EFA1722A03F7F0076113B /* Embed Frameworks */ = {
			isa = PBXCopyFilesBuildPhase;
			buildActionMask = 2147483647;
			dstPath = "";
			dstSubfolderSpec = 10;
			files = (
				1E5EFA1322A03F7F0076113B /* UIComponent.framework in Embed Frameworks */,
				1E5EFA3622A040810076113B /* Utility.framework in Embed Frameworks */,
			);
			name = "Embed Frameworks";
			runOnlyForDeploymentPostprocessing = 0;
		};
/* End PBXCopyFilesBuildPhase section */

/* Begin PBXFileReference section */
		1E5EF9A3229E5EA50076113B /* GenerambaTemplates.app */ = {isa = PBXFileReference; explicitFileType = wrapper.application; includeInIndex = 0; path = GenerambaTemplates.app; sourceTree = BUILT_PRODUCTS_DIR; };
		1E5EF9A6229E5EA50076113B /* AppDelegate.swift */ = {isa = PBXFileReference; lastKnownFileType = sourcecode.swift; path = AppDelegate.swift; sourceTree = "<group>"; };
		1E5EF9AD229E5EA70076113B /* Assets.xcassets */ = {isa = PBXFileReference; lastKnownFileType = folder.assetcatalog; path = Assets.xcassets; sourceTree = "<group>"; };
		1E5EF9B0229E5EA70076113B /* Base */ = {isa = PBXFileReference; lastKnownFileType = file.storyboard; name = Base; path = Base.lproj/LaunchScreen.storyboard; sourceTree = "<group>"; };
		1E5EF9B2229E5EA70076113B /* Info.plist */ = {isa = PBXFileReference; lastKnownFileType = text.plist.xml; path = Info.plist; sourceTree = "<group>"; };
		1E5EF9B7229E5EA70076113B /* GenerambaTemplatesTests.xctest */ = {isa = PBXFileReference; explicitFileType = wrapper.cfbundle; includeInIndex = 0; path = GenerambaTemplatesTests.xctest; sourceTree = BUILT_PRODUCTS_DIR; };
		1E5EF9BB229E5EA70076113B /* GenerambaTemplatesTests.swift */ = {isa = PBXFileReference; lastKnownFileType = sourcecode.swift; path = GenerambaTemplatesTests.swift; sourceTree = "<group>"; };
		1E5EF9BD229E5EA70076113B /* Info.plist */ = {isa = PBXFileReference; lastKnownFileType = text.plist.xml; path = Info.plist; sourceTree = "<group>"; };
		1E5EF9E2229FD5A30076113B /* CarthageInputFiles.xcfilelist */ = {isa = PBXFileReference; lastKnownFileType = text.xcfilelist; path = CarthageInputFiles.xcfilelist; sourceTree = "<group>"; };
		1E5EF9E3229FD8510076113B /* Cartfile */ = {isa = PBXFileReference; fileEncoding = 4; lastKnownFileType = text; path = Cartfile; sourceTree = SOURCE_ROOT; };
		1E5EF9E5229FD85F0076113B /* Rambafile */ = {isa = PBXFileReference; lastKnownFileType = text; path = Rambafile; sourceTree = SOURCE_ROOT; };
		1E5EF9E7229FEBD70076113B /* RootWireframe.swift */ = {isa = PBXFileReference; fileEncoding = 4; lastKnownFileType = sourcecode.swift; path = RootWireframe.swift; sourceTree = "<group>"; };
		1E5EF9E8229FEBD70076113B /* RootViewModel.swift */ = {isa = PBXFileReference; fileEncoding = 4; lastKnownFileType = sourcecode.swift; path = RootViewModel.swift; sourceTree = "<group>"; };
		1E5EF9EA229FEBD70076113B /* RootViewController.swift */ = {isa = PBXFileReference; fileEncoding = 4; lastKnownFileType = sourcecode.swift; path = RootViewController.swift; sourceTree = "<group>"; };
		1E5EF9EB229FEBD70076113B /* RootViewController.storyboard */ = {isa = PBXFileReference; fileEncoding = 4; lastKnownFileType = file.storyboard; path = RootViewController.storyboard; sourceTree = "<group>"; };
		1E5EF9F0229FEC4B0076113B /* Alamofire.framework */ = {isa = PBXFileReference; lastKnownFileType = wrapper.framework; name = Alamofire.framework; path = Carthage/Build/iOS/Alamofire.framework; sourceTree = "<group>"; };
		1E5EF9F1229FEC4B0076113B /* RxSwift.framework */ = {isa = PBXFileReference; lastKnownFileType = wrapper.framework; name = RxSwift.framework; path = Carthage/Build/iOS/RxSwift.framework; sourceTree = "<group>"; };
		1E5EF9F2229FEC4B0076113B /* RxRelay.framework */ = {isa = PBXFileReference; lastKnownFileType = wrapper.framework; name = RxRelay.framework; path = Carthage/Build/iOS/RxRelay.framework; sourceTree = "<group>"; };
		1E5EF9F3229FEC4B0076113B /* RxCocoa.framework */ = {isa = PBXFileReference; lastKnownFileType = wrapper.framework; name = RxCocoa.framework; path = Carthage/Build/iOS/RxCocoa.framework; sourceTree = "<group>"; };
		1E5EF9FD22A03F7F0076113B /* UIComponent.framework */ = {isa = PBXFileReference; explicitFileType = wrapper.framework; includeInIndex = 0; path = UIComponent.framework; sourceTree = BUILT_PRODUCTS_DIR; };
		1E5EF9FF22A03F7F0076113B /* UIComponent.h */ = {isa = PBXFileReference; lastKnownFileType = sourcecode.c.h; path = UIComponent.h; sourceTree = "<group>"; };
		1E5EFA0022A03F7F0076113B /* Info.plist */ = {isa = PBXFileReference; lastKnownFileType = text.plist.xml; path = Info.plist; sourceTree = "<group>"; };
		1E5EFA0522A03F7F0076113B /* UIComponentTests.xctest */ = {isa = PBXFileReference; explicitFileType = wrapper.cfbundle; includeInIndex = 0; path = UIComponentTests.xctest; sourceTree = BUILT_PRODUCTS_DIR; };
		1E5EFA2022A040810076113B /* Utility.framework */ = {isa = PBXFileReference; explicitFileType = wrapper.framework; includeInIndex = 0; path = Utility.framework; sourceTree = BUILT_PRODUCTS_DIR; };
		1E5EFA2222A040810076113B /* Utility.h */ = {isa = PBXFileReference; lastKnownFileType = sourcecode.c.h; path = Utility.h; sourceTree = "<group>"; };
		1E5EFA2322A040810076113B /* Info.plist */ = {isa = PBXFileReference; lastKnownFileType = text.plist.xml; path = Info.plist; sourceTree = "<group>"; };
		1E5EFA2822A040810076113B /* UtilityTests.xctest */ = {isa = PBXFileReference; explicitFileType = wrapper.cfbundle; includeInIndex = 0; path = UtilityTests.xctest; sourceTree = BUILT_PRODUCTS_DIR; };
		1E5EFA2F22A040810076113B /* UtilityTests.swift */ = {isa = PBXFileReference; lastKnownFileType = sourcecode.swift; path = UtilityTests.swift; sourceTree = "<group>"; };
		1E5EFA3122A040810076113B /* Info.plist */ = {isa = PBXFileReference; lastKnownFileType = text.plist.xml; path = Info.plist; sourceTree = "<group>"; };
		1E5EFA3E22A0AD9A0076113B /* Int+Extension.swift */ = {isa = PBXFileReference; lastKnownFileType = sourcecode.swift; path = "Int+Extension.swift"; sourceTree = "<group>"; };
		1E5EFA4322A0B1EB0076113B /* RoundButton.swift */ = {isa = PBXFileReference; lastKnownFileType = sourcecode.swift; path = RoundButton.swift; sourceTree = "<group>"; };
		1E6F7C5722AD3E13006F284B /* Assets.xcassets */ = {isa = PBXFileReference; lastKnownFileType = folder.assetcatalog; path = Assets.xcassets; sourceTree = "<group>"; };
		1E6F7C5922AD44ED006F284B /* swiftgen.yml */ = {isa = PBXFileReference; fileEncoding = 4; indentWidth = 2; lastKnownFileType = text; path = swiftgen.yml; sourceTree = "<group>"; tabWidth = 2; };
		1E6F7C5E22AD4BE6006F284B /* DefaultAsset.swift */ = {isa = PBXFileReference; fileEncoding = 4; lastKnownFileType = sourcecode.swift; path = DefaultAsset.swift; sourceTree = "<group>"; };
		1E6F7C6022AD4CE5006F284B /* Storyboards.swift */ = {isa = PBXFileReference; fileEncoding = 4; lastKnownFileType = sourcecode.swift; path = Storyboards.swift; sourceTree = "<group>"; };
		1E6F7C6222AD4CEC006F284B /* DefaultAsset.swift */ = {isa = PBXFileReference; fileEncoding = 4; lastKnownFileType = sourcecode.swift; path = DefaultAsset.swift; sourceTree = "<group>"; };
		2F47C328C94CA61DED8CB438 /* Pods-GenerambaTemplatesTests.debug.xcconfig */ = {isa = PBXFileReference; includeInIndex = 1; lastKnownFileType = text.xcconfig; name = "Pods-GenerambaTemplatesTests.debug.xcconfig"; path = "Target Support Files/Pods-GenerambaTemplatesTests/Pods-GenerambaTemplatesTests.debug.xcconfig"; sourceTree = "<group>"; };
		35CCD7B76E25B754D966A59A /* Pods-GenerambaTemplatesTests.release.xcconfig */ = {isa = PBXFileReference; includeInIndex = 1; lastKnownFileType = text.xcconfig; name = "Pods-GenerambaTemplatesTests.release.xcconfig"; path = "Target Support Files/Pods-GenerambaTemplatesTests/Pods-GenerambaTemplatesTests.release.xcconfig"; sourceTree = "<group>"; };
		50916B6721A78AC46B240640 /* Pods-GenerambaTemplates.debug.xcconfig */ = {isa = PBXFileReference; includeInIndex = 1; lastKnownFileType = text.xcconfig; name = "Pods-GenerambaTemplates.debug.xcconfig"; path = "Target Support Files/Pods-GenerambaTemplates/Pods-GenerambaTemplates.debug.xcconfig"; sourceTree = "<group>"; };
		8D0274EBF0AFD485E79D20BA /* Pods-GenerambaTemplates.release.xcconfig */ = {isa = PBXFileReference; includeInIndex = 1; lastKnownFileType = text.xcconfig; name = "Pods-GenerambaTemplates.release.xcconfig"; path = "Target Support Files/Pods-GenerambaTemplates/Pods-GenerambaTemplates.release.xcconfig"; sourceTree = "<group>"; };
		960D0E89EDDAE63D5EF90EF4 /* Pods_GenerambaTemplates.framework */ = {isa = PBXFileReference; explicitFileType = wrapper.framework; includeInIndex = 0; path = Pods_GenerambaTemplates.framework; sourceTree = BUILT_PRODUCTS_DIR; };
		9C94880AD5F3AEA4B543AFD1 /* Pods_GenerambaTemplatesTests.framework */ = {isa = PBXFileReference; explicitFileType = wrapper.framework; includeInIndex = 0; path = Pods_GenerambaTemplatesTests.framework; sourceTree = BUILT_PRODUCTS_DIR; };
		B8E8626F8AA0073BE5B16998 /* Pods-GenerambaTemplates-UIComponent.debug.xcconfig */ = {isa = PBXFileReference; includeInIndex = 1; lastKnownFileType = text.xcconfig; name = "Pods-GenerambaTemplates-UIComponent.debug.xcconfig"; path = "Target Support Files/Pods-GenerambaTemplates-UIComponent/Pods-GenerambaTemplates-UIComponent.debug.xcconfig"; sourceTree = "<group>"; };
		DD4E182782B42DDF04D8EA90 /* Pods-GenerambaTemplates-UIComponent.release.xcconfig */ = {isa = PBXFileReference; includeInIndex = 1; lastKnownFileType = text.xcconfig; name = "Pods-GenerambaTemplates-UIComponent.release.xcconfig"; path = "Target Support Files/Pods-GenerambaTemplates-UIComponent/Pods-GenerambaTemplates-UIComponent.release.xcconfig"; sourceTree = "<group>"; };
		E30634E77F1037309C3CA540 /* Pods_GenerambaTemplates_UIComponent.framework */ = {isa = PBXFileReference; explicitFileType = wrapper.framework; includeInIndex = 0; path = Pods_GenerambaTemplates_UIComponent.framework; sourceTree = BUILT_PRODUCTS_DIR; };
/* End PBXFileReference section */

/* Begin PBXFrameworksBuildPhase section */
		1E5EF9A0229E5EA50076113B /* Frameworks */ = {
			isa = PBXFrameworksBuildPhase;
			buildActionMask = 2147483647;
			files = (
				1E5EFA3522A040810076113B /* Utility.framework in Frameworks */,
				1E5EF9F4229FEC4C0076113B /* Alamofire.framework in Frameworks */,
				1E5EF9F5229FEC4C0076113B /* RxSwift.framework in Frameworks */,
				1E5EF9F6229FEC4C0076113B /* RxRelay.framework in Frameworks */,
				1E5EF9F7229FEC4C0076113B /* RxCocoa.framework in Frameworks */,
				1E5EFA1222A03F7F0076113B /* UIComponent.framework in Frameworks */,
				39FC55CA8EAD0EF8A472B989 /* Pods_GenerambaTemplates.framework in Frameworks */,
			);
			runOnlyForDeploymentPostprocessing = 0;
		};
		1E5EF9B4229E5EA70076113B /* Frameworks */ = {
			isa = PBXFrameworksBuildPhase;
			buildActionMask = 2147483647;
			files = (
				16BBCD5225FA83D10DF110EE /* Pods_GenerambaTemplatesTests.framework in Frameworks */,
			);
			runOnlyForDeploymentPostprocessing = 0;
		};
		1E5EF9FA22A03F7F0076113B /* Frameworks */ = {
			isa = PBXFrameworksBuildPhase;
			buildActionMask = 2147483647;
			files = (
				60D97FB54D6A3A30B664E607 /* Pods_GenerambaTemplates_UIComponent.framework in Frameworks */,
			);
			runOnlyForDeploymentPostprocessing = 0;
		};
		1E5EFA0222A03F7F0076113B /* Frameworks */ = {
			isa = PBXFrameworksBuildPhase;
			buildActionMask = 2147483647;
			files = (
				1E5EFA0622A03F7F0076113B /* UIComponent.framework in Frameworks */,
			);
			runOnlyForDeploymentPostprocessing = 0;
		};
		1E5EFA1D22A040810076113B /* Frameworks */ = {
			isa = PBXFrameworksBuildPhase;
			buildActionMask = 2147483647;
			files = (
			);
			runOnlyForDeploymentPostprocessing = 0;
		};
		1E5EFA2522A040810076113B /* Frameworks */ = {
			isa = PBXFrameworksBuildPhase;
			buildActionMask = 2147483647;
			files = (
				1E5EFA2922A040810076113B /* Utility.framework in Frameworks */,
			);
			runOnlyForDeploymentPostprocessing = 0;
		};
/* End PBXFrameworksBuildPhase section */

/* Begin PBXGroup section */
		1E5EF99A229E5EA40076113B = {
			isa = PBXGroup;
			children = (
				1E6F7C5922AD44ED006F284B /* swiftgen.yml */,
				1E5EF9A5229E5EA50076113B /* GenerambaTemplates */,
				1E5EF9BA229E5EA70076113B /* GenerambaTemplatesTests */,
				1E5EF9FE22A03F7F0076113B /* UIComponent */,
				1E5EFA2122A040810076113B /* Utility */,
				1E5EFA2E22A040810076113B /* UtilityTests */,
				1E5EF9A4229E5EA50076113B /* Products */,
				B852C51B5499B7E0D06BC862 /* Pods */,
				A7A3DA8EC2583EC8F96EE4EB /* Frameworks */,
			);
			sourceTree = "<group>";
		};
		1E5EF9A4229E5EA50076113B /* Products */ = {
			isa = PBXGroup;
			children = (
				1E5EF9A3229E5EA50076113B /* GenerambaTemplates.app */,
				1E5EF9B7229E5EA70076113B /* GenerambaTemplatesTests.xctest */,
				1E5EF9FD22A03F7F0076113B /* UIComponent.framework */,
				1E5EFA0522A03F7F0076113B /* UIComponentTests.xctest */,
				1E5EFA2022A040810076113B /* Utility.framework */,
				1E5EFA2822A040810076113B /* UtilityTests.xctest */,
			);
			name = Products;
			sourceTree = "<group>";
		};
		1E5EF9A5229E5EA50076113B /* GenerambaTemplates */ = {
			isa = PBXGroup;
			children = (
				1E5EF9E3229FD8510076113B /* Cartfile */,
				1E5EF9E5229FD85F0076113B /* Rambafile */,
				1E5EF9A6229E5EA50076113B /* AppDelegate.swift */,
				1E5EF9DC229FCCAA0076113B /* Services */,
				1E5EF9DD229FCCB70076113B /* Extensions */,
				1E5EF9DA229FCC6C0076113B /* Modules */,
				1E5EF9D8229FCBDC0076113B /* Supports */,
				1E5EF9D9229FCC430076113B /* Resources */,
			);
			path = GenerambaTemplates;
			sourceTree = "<group>";
		};
		1E5EF9BA229E5EA70076113B /* GenerambaTemplatesTests */ = {
			isa = PBXGroup;
			children = (
				1E5EF9BB229E5EA70076113B /* GenerambaTemplatesTests.swift */,
				1E5EF9BD229E5EA70076113B /* Info.plist */,
			);
			path = GenerambaTemplatesTests;
			sourceTree = "<group>";
		};
		1E5EF9D8229FCBDC0076113B /* Supports */ = {
			isa = PBXGroup;
			children = (
				1E5EF9B2229E5EA70076113B /* Info.plist */,
				1E5EF9E2229FD5A30076113B /* CarthageInputFiles.xcfilelist */,
			);
			path = Supports;
			sourceTree = "<group>";
		};
		1E5EF9D9229FCC430076113B /* Resources */ = {
			isa = PBXGroup;
			children = (
				1E6F7C5C22AD4947006F284B /* Generated */,
				1E5EF9AD229E5EA70076113B /* Assets.xcassets */,
				1E5EF9AF229E5EA70076113B /* LaunchScreen.storyboard */,
			);
			path = Resources;
			sourceTree = "<group>";
		};
		1E5EF9DA229FCC6C0076113B /* Modules */ = {
			isa = PBXGroup;
			children = (
				1E5EF9E6229FEBD70076113B /* Root */,
			);
			path = Modules;
			sourceTree = "<group>";
		};
		1E5EF9DC229FCCAA0076113B /* Services */ = {
			isa = PBXGroup;
			children = (
			);
			path = Services;
			sourceTree = "<group>";
		};
		1E5EF9DD229FCCB70076113B /* Extensions */ = {
			isa = PBXGroup;
			children = (
				1E5EFA3E22A0AD9A0076113B /* Int+Extension.swift */,
			);
			path = Extensions;
			sourceTree = "<group>";
		};
		1E5EF9E6229FEBD70076113B /* Root */ = {
			isa = PBXGroup;
			children = (
				1E5EF9E7229FEBD70076113B /* RootWireframe.swift */,
				1E5EF9E8229FEBD70076113B /* RootViewModel.swift */,
				1E5EF9E9229FEBD70076113B /* View */,
			);
			path = Root;
			sourceTree = "<group>";
		};
		1E5EF9E9229FEBD70076113B /* View */ = {
			isa = PBXGroup;
			children = (
				1E5EF9EA229FEBD70076113B /* RootViewController.swift */,
				1E5EF9EB229FEBD70076113B /* RootViewController.storyboard */,
			);
			path = View;
			sourceTree = "<group>";
		};
		1E5EF9FE22A03F7F0076113B /* UIComponent */ = {
			isa = PBXGroup;
			children = (
				1E6F7C5D22AD4B55006F284B /* Generated */,
				1E5EF9FF22A03F7F0076113B /* UIComponent.h */,
				1E5EFA0022A03F7F0076113B /* Info.plist */,
				1E5EFA4222A0B1D30076113B /* Common */,
				1E6F7C5722AD3E13006F284B /* Assets.xcassets */,
			);
			path = UIComponent;
			sourceTree = "<group>";
		};
		1E5EFA2122A040810076113B /* Utility */ = {
			isa = PBXGroup;
			children = (
				1E5EFA2222A040810076113B /* Utility.h */,
				1E5EFA2322A040810076113B /* Info.plist */,
			);
			path = Utility;
			sourceTree = "<group>";
		};
		1E5EFA2E22A040810076113B /* UtilityTests */ = {
			isa = PBXGroup;
			children = (
				1E5EFA2F22A040810076113B /* UtilityTests.swift */,
				1E5EFA3122A040810076113B /* Info.plist */,
			);
			path = UtilityTests;
			sourceTree = "<group>";
		};
		1E5EFA4222A0B1D30076113B /* Common */ = {
			isa = PBXGroup;
			children = (
				1E5EFA4322A0B1EB0076113B /* RoundButton.swift */,
			);
			path = Common;
			sourceTree = "<group>";
		};
		1E6F7C5C22AD4947006F284B /* Generated */ = {
			isa = PBXGroup;
			children = (
				1E6F7C6222AD4CEC006F284B /* DefaultAsset.swift */,
				1E6F7C6022AD4CE5006F284B /* Storyboards.swift */,
			);
			path = Generated;
			sourceTree = "<group>";
		};
		1E6F7C5D22AD4B55006F284B /* Generated */ = {
			isa = PBXGroup;
			children = (
				1E6F7C5E22AD4BE6006F284B /* DefaultAsset.swift */,
			);
			path = Generated;
			sourceTree = "<group>";
		};
		A7A3DA8EC2583EC8F96EE4EB /* Frameworks */ = {
			isa = PBXGroup;
			children = (
				1E5EF9F0229FEC4B0076113B /* Alamofire.framework */,
				1E5EF9F3229FEC4B0076113B /* RxCocoa.framework */,
				1E5EF9F2229FEC4B0076113B /* RxRelay.framework */,
				1E5EF9F1229FEC4B0076113B /* RxSwift.framework */,
				960D0E89EDDAE63D5EF90EF4 /* Pods_GenerambaTemplates.framework */,
				9C94880AD5F3AEA4B543AFD1 /* Pods_GenerambaTemplatesTests.framework */,
				E30634E77F1037309C3CA540 /* Pods_GenerambaTemplates_UIComponent.framework */,
			);
			name = Frameworks;
			sourceTree = "<group>";
		};
		B852C51B5499B7E0D06BC862 /* Pods */ = {
			isa = PBXGroup;
			children = (
				50916B6721A78AC46B240640 /* Pods-GenerambaTemplates.debug.xcconfig */,
				8D0274EBF0AFD485E79D20BA /* Pods-GenerambaTemplates.release.xcconfig */,
				2F47C328C94CA61DED8CB438 /* Pods-GenerambaTemplatesTests.debug.xcconfig */,
				35CCD7B76E25B754D966A59A /* Pods-GenerambaTemplatesTests.release.xcconfig */,
				B8E8626F8AA0073BE5B16998 /* Pods-GenerambaTemplates-UIComponent.debug.xcconfig */,
				DD4E182782B42DDF04D8EA90 /* Pods-GenerambaTemplates-UIComponent.release.xcconfig */,
			);
			path = Pods;
			sourceTree = "<group>";
		};
/* End PBXGroup section */

/* Begin PBXHeadersBuildPhase section */
		1E5EF9F822A03F7F0076113B /* Headers */ = {
			isa = PBXHeadersBuildPhase;
			buildActionMask = 2147483647;
			files = (
				1E5EFA0F22A03F7F0076113B /* UIComponent.h in Headers */,
			);
			runOnlyForDeploymentPostprocessing = 0;
		};
		1E5EFA1B22A040810076113B /* Headers */ = {
			isa = PBXHeadersBuildPhase;
			buildActionMask = 2147483647;
			files = (
				1E5EFA3222A040810076113B /* Utility.h in Headers */,
			);
			runOnlyForDeploymentPostprocessing = 0;
		};
/* End PBXHeadersBuildPhase section */

/* Begin PBXNativeTarget section */
		1E5EF9A2229E5EA50076113B /* GenerambaTemplates */ = {
			isa = PBXNativeTarget;
			buildConfigurationList = 1E5EF9C0229E5EA70076113B /* Build configuration list for PBXNativeTarget "GenerambaTemplates" */;
			buildPhases = (
				3BCA7C47F43B6D7126D18DFD /* [CP] Check Pods Manifest.lock */,
				1E6F7C5B22AD4715006F284B /* SwiftGen */,
				1E5EF99F229E5EA50076113B /* Sources */,
				1E5EF9A0229E5EA50076113B /* Frameworks */,
				1E5EF9E1229FD56A0076113B /* Carthage */,
				1E5EF9A1229E5EA50076113B /* Resources */,
				1E5EFA1722A03F7F0076113B /* Embed Frameworks */,
			);
			buildRules = (
			);
			dependencies = (
				1E5EFA1122A03F7F0076113B /* PBXTargetDependency */,
				1E5EFA3422A040810076113B /* PBXTargetDependency */,
			);
			name = GenerambaTemplates;
			productName = GenerambaTemplates;
			productReference = 1E5EF9A3229E5EA50076113B /* GenerambaTemplates.app */;
			productType = "com.apple.product-type.application";
		};
		1E5EF9B6229E5EA70076113B /* GenerambaTemplatesTests */ = {
			isa = PBXNativeTarget;
			buildConfigurationList = 1E5EF9C3229E5EA70076113B /* Build configuration list for PBXNativeTarget "GenerambaTemplatesTests" */;
			buildPhases = (
				E9B2FE3665B421A42DA1B9C2 /* [CP] Check Pods Manifest.lock */,
				1E5EF9B3229E5EA70076113B /* Sources */,
				1E5EF9B4229E5EA70076113B /* Frameworks */,
				1E5EF9B5229E5EA70076113B /* Resources */,
			);
			buildRules = (
			);
			dependencies = (
				1E5EF9B9229E5EA70076113B /* PBXTargetDependency */,
			);
			name = GenerambaTemplatesTests;
			productName = GenerambaTemplatesTests;
			productReference = 1E5EF9B7229E5EA70076113B /* GenerambaTemplatesTests.xctest */;
			productType = "com.apple.product-type.bundle.unit-test";
		};
		1E5EF9FC22A03F7F0076113B /* UIComponent */ = {
			isa = PBXNativeTarget;
			buildConfigurationList = 1E5EFA1422A03F7F0076113B /* Build configuration list for PBXNativeTarget "UIComponent" */;
			buildPhases = (
				F2CB64E180DF5BA606A46668 /* [CP] Check Pods Manifest.lock */,
				1E5EF9F822A03F7F0076113B /* Headers */,
				1E5EF9F922A03F7F0076113B /* Sources */,
				1E5EF9FA22A03F7F0076113B /* Frameworks */,
				1E5EF9FB22A03F7F0076113B /* Resources */,
			);
			buildRules = (
			);
			dependencies = (
			);
			name = UIComponent;
			productName = UIComponent;
			productReference = 1E5EF9FD22A03F7F0076113B /* UIComponent.framework */;
			productType = "com.apple.product-type.framework";
		};
		1E5EFA0422A03F7F0076113B /* UIComponentTests */ = {
			isa = PBXNativeTarget;
			buildConfigurationList = 1E5EFA1822A03F7F0076113B /* Build configuration list for PBXNativeTarget "UIComponentTests" */;
			buildPhases = (
				1E5EFA0122A03F7F0076113B /* Sources */,
				1E5EFA0222A03F7F0076113B /* Frameworks */,
				1E5EFA0322A03F7F0076113B /* Resources */,
			);
			buildRules = (
			);
			dependencies = (
				1E5EFA0822A03F7F0076113B /* PBXTargetDependency */,
				1E5EFA0A22A03F7F0076113B /* PBXTargetDependency */,
			);
			name = UIComponentTests;
			productName = UIComponentTests;
			productReference = 1E5EFA0522A03F7F0076113B /* UIComponentTests.xctest */;
			productType = "com.apple.product-type.bundle.unit-test";
		};
		1E5EFA1F22A040810076113B /* Utility */ = {
			isa = PBXNativeTarget;
			buildConfigurationList = 1E5EFA3722A040810076113B /* Build configuration list for PBXNativeTarget "Utility" */;
			buildPhases = (
				1E5EFA1B22A040810076113B /* Headers */,
				1E5EFA1C22A040810076113B /* Sources */,
				1E5EFA1D22A040810076113B /* Frameworks */,
				1E5EFA1E22A040810076113B /* Resources */,
			);
			buildRules = (
			);
			dependencies = (
			);
			name = Utility;
			productName = Utility;
			productReference = 1E5EFA2022A040810076113B /* Utility.framework */;
			productType = "com.apple.product-type.framework";
		};
		1E5EFA2722A040810076113B /* UtilityTests */ = {
			isa = PBXNativeTarget;
			buildConfigurationList = 1E5EFA3A22A040810076113B /* Build configuration list for PBXNativeTarget "UtilityTests" */;
			buildPhases = (
				1E5EFA2422A040810076113B /* Sources */,
				1E5EFA2522A040810076113B /* Frameworks */,
				1E5EFA2622A040810076113B /* Resources */,
			);
			buildRules = (
			);
			dependencies = (
				1E5EFA2B22A040810076113B /* PBXTargetDependency */,
				1E5EFA2D22A040810076113B /* PBXTargetDependency */,
			);
			name = UtilityTests;
			productName = UtilityTests;
			productReference = 1E5EFA2822A040810076113B /* UtilityTests.xctest */;
			productType = "com.apple.product-type.bundle.unit-test";
		};
/* End PBXNativeTarget section */

/* Begin PBXProject section */
		1E5EF99B229E5EA40076113B /* Project object */ = {
			isa = PBXProject;
			attributes = {
				LastSwiftUpdateCheck = 1020;
				LastUpgradeCheck = 1020;
				ORGANIZATIONNAME = iganin;
				TargetAttributes = {
					1E5EF9A2229E5EA50076113B = {
						CreatedOnToolsVersion = 10.2.1;
					};
					1E5EF9B6229E5EA70076113B = {
						CreatedOnToolsVersion = 10.2.1;
						TestTargetID = 1E5EF9A2229E5EA50076113B;
					};
					1E5EF9FC22A03F7F0076113B = {
						CreatedOnToolsVersion = 10.2.1;
						LastSwiftMigration = 1020;
					};
					1E5EFA0422A03F7F0076113B = {
						CreatedOnToolsVersion = 10.2.1;
						TestTargetID = 1E5EF9A2229E5EA50076113B;
					};
					1E5EFA1F22A040810076113B = {
						CreatedOnToolsVersion = 10.2.1;
					};
					1E5EFA2722A040810076113B = {
						CreatedOnToolsVersion = 10.2.1;
						TestTargetID = 1E5EF9A2229E5EA50076113B;
					};
				};
			};
			buildConfigurationList = 1E5EF99E229E5EA40076113B /* Build configuration list for PBXProject "GenerambaTemplates" */;
			compatibilityVersion = "Xcode 9.3";
			developmentRegion = en;
			hasScannedForEncodings = 0;
			knownRegions = (
				en,
				Base,
			);
			mainGroup = 1E5EF99A229E5EA40076113B;
			productRefGroup = 1E5EF9A4229E5EA50076113B /* Products */;
			projectDirPath = "";
			projectRoot = "";
			targets = (
				1E5EF9A2229E5EA50076113B /* GenerambaTemplates */,
				1E5EF9B6229E5EA70076113B /* GenerambaTemplatesTests */,
				1E5EF9FC22A03F7F0076113B /* UIComponent */,
				1E5EFA0422A03F7F0076113B /* UIComponentTests */,
				1E5EFA1F22A040810076113B /* Utility */,
				1E5EFA2722A040810076113B /* UtilityTests */,
			);
		};
/* End PBXProject section */

/* Begin PBXResourcesBuildPhase section */
		1E5EF9A1229E5EA50076113B /* Resources */ = {
			isa = PBXResourcesBuildPhase;
			buildActionMask = 2147483647;
			files = (
				1E5EF9B1229E5EA70076113B /* LaunchScreen.storyboard in Resources */,
				1E5EF9AE229E5EA70076113B /* Assets.xcassets in Resources */,
				1E5EF9EF229FEBD90076113B /* RootViewController.storyboard in Resources */,
			);
			runOnlyForDeploymentPostprocessing = 0;
		};
		1E5EF9B5229E5EA70076113B /* Resources */ = {
			isa = PBXResourcesBuildPhase;
			buildActionMask = 2147483647;
			files = (
			);
			runOnlyForDeploymentPostprocessing = 0;
		};
		1E5EF9FB22A03F7F0076113B /* Resources */ = {
			isa = PBXResourcesBuildPhase;
			buildActionMask = 2147483647;
			files = (
				1E6F7C5822AD3E13006F284B /* Assets.xcassets in Resources */,
			);
			runOnlyForDeploymentPostprocessing = 0;
		};
		1E5EFA0322A03F7F0076113B /* Resources */ = {
			isa = PBXResourcesBuildPhase;
			buildActionMask = 2147483647;
			files = (
			);
			runOnlyForDeploymentPostprocessing = 0;
		};
		1E5EFA1E22A040810076113B /* Resources */ = {
			isa = PBXResourcesBuildPhase;
			buildActionMask = 2147483647;
			files = (
			);
			runOnlyForDeploymentPostprocessing = 0;
		};
		1E5EFA2622A040810076113B /* Resources */ = {
			isa = PBXResourcesBuildPhase;
			buildActionMask = 2147483647;
			files = (
			);
			runOnlyForDeploymentPostprocessing = 0;
		};
/* End PBXResourcesBuildPhase section */

/* Begin PBXShellScriptBuildPhase section */
		1E5EF9E1229FD56A0076113B /* Carthage */ = {
			isa = PBXShellScriptBuildPhase;
			buildActionMask = 2147483647;
			files = (
			);
			inputFileListPaths = (
				"$(SRCROOT)/GenerambaTemplates/Supports/CarthageInputFiles.xcfilelist",
			);
			inputPaths = (
			);
			name = Carthage;
			outputFileListPaths = (
			);
			outputPaths = (
			);
			runOnlyForDeploymentPostprocessing = 0;
			shellPath = /bin/sh;
			shellScript = "/usr/local/bin/carthage copy-frameworks\n";
		};
		1E6F7C5B22AD4715006F284B /* SwiftGen */ = {
			isa = PBXShellScriptBuildPhase;
			buildActionMask = 2147483647;
			files = (
			);
			inputFileListPaths = (
			);
			inputPaths = (
			);
			name = SwiftGen;
			outputFileListPaths = (
			);
			outputPaths = (
			);
			runOnlyForDeploymentPostprocessing = 0;
			shellPath = /bin/sh;
			shellScript = "${PODS_ROOT}/SwiftGen/bin/swiftgen\n";
		};
		3BCA7C47F43B6D7126D18DFD /* [CP] Check Pods Manifest.lock */ = {
			isa = PBXShellScriptBuildPhase;
			buildActionMask = 2147483647;
			files = (
			);
			inputFileListPaths = (
			);
			inputPaths = (
				"${PODS_PODFILE_DIR_PATH}/Podfile.lock",
				"${PODS_ROOT}/Manifest.lock",
			);
			name = "[CP] Check Pods Manifest.lock";
			outputFileListPaths = (
			);
			outputPaths = (
				"$(DERIVED_FILE_DIR)/Pods-GenerambaTemplates-checkManifestLockResult.txt",
			);
			runOnlyForDeploymentPostprocessing = 0;
			shellPath = /bin/sh;
			shellScript = "diff \"${PODS_PODFILE_DIR_PATH}/Podfile.lock\" \"${PODS_ROOT}/Manifest.lock\" > /dev/null\nif [ $? != 0 ] ; then\n    # print error to STDERR\n    echo \"error: The sandbox is not in sync with the Podfile.lock. Run 'pod install' or update your CocoaPods installation.\" >&2\n    exit 1\nfi\n# This output is used by Xcode 'outputs' to avoid re-running this script phase.\necho \"SUCCESS\" > \"${SCRIPT_OUTPUT_FILE_0}\"\n";
			showEnvVarsInLog = 0;
		};
		E9B2FE3665B421A42DA1B9C2 /* [CP] Check Pods Manifest.lock */ = {
			isa = PBXShellScriptBuildPhase;
			buildActionMask = 2147483647;
			files = (
			);
			inputFileListPaths = (
			);
			inputPaths = (
				"${PODS_PODFILE_DIR_PATH}/Podfile.lock",
				"${PODS_ROOT}/Manifest.lock",
			);
			name = "[CP] Check Pods Manifest.lock";
			outputFileListPaths = (
			);
			outputPaths = (
				"$(DERIVED_FILE_DIR)/Pods-GenerambaTemplatesTests-checkManifestLockResult.txt",
			);
			runOnlyForDeploymentPostprocessing = 0;
			shellPath = /bin/sh;
			shellScript = "diff \"${PODS_PODFILE_DIR_PATH}/Podfile.lock\" \"${PODS_ROOT}/Manifest.lock\" > /dev/null\nif [ $? != 0 ] ; then\n    # print error to STDERR\n    echo \"error: The sandbox is not in sync with the Podfile.lock. Run 'pod install' or update your CocoaPods installation.\" >&2\n    exit 1\nfi\n# This output is used by Xcode 'outputs' to avoid re-running this script phase.\necho \"SUCCESS\" > \"${SCRIPT_OUTPUT_FILE_0}\"\n";
			showEnvVarsInLog = 0;
		};
		F2CB64E180DF5BA606A46668 /* [CP] Check Pods Manifest.lock */ = {
			isa = PBXShellScriptBuildPhase;
			buildActionMask = 2147483647;
			files = (
			);
			inputFileListPaths = (
			);
			inputPaths = (
				"${PODS_PODFILE_DIR_PATH}/Podfile.lock",
				"${PODS_ROOT}/Manifest.lock",
			);
			name = "[CP] Check Pods Manifest.lock";
			outputFileListPaths = (
			);
			outputPaths = (
				"$(DERIVED_FILE_DIR)/Pods-GenerambaTemplates-UIComponent-checkManifestLockResult.txt",
			);
			runOnlyForDeploymentPostprocessing = 0;
			shellPath = /bin/sh;
			shellScript = "diff \"${PODS_PODFILE_DIR_PATH}/Podfile.lock\" \"${PODS_ROOT}/Manifest.lock\" > /dev/null\nif [ $? != 0 ] ; then\n    # print error to STDERR\n    echo \"error: The sandbox is not in sync with the Podfile.lock. Run 'pod install' or update your CocoaPods installation.\" >&2\n    exit 1\nfi\n# This output is used by Xcode 'outputs' to avoid re-running this script phase.\necho \"SUCCESS\" > \"${SCRIPT_OUTPUT_FILE_0}\"\n";
			showEnvVarsInLog = 0;
		};
/* End PBXShellScriptBuildPhase section */

/* Begin PBXSourcesBuildPhase section */
		1E5EF99F229E5EA50076113B /* Sources */ = {
			isa = PBXSourcesBuildPhase;
			buildActionMask = 2147483647;
			files = (
				1E5EF9ED229FEBD90076113B /* RootViewModel.swift in Sources */,
				1E5EF9EC229FEBD90076113B /* RootWireframe.swift in Sources */,
				1E6F7C6322AD4CEC006F284B /* DefaultAsset.swift in Sources */,
				1E5EF9EE229FEBD90076113B /* RootViewController.swift in Sources */,
				1E5EFA3F22A0AD9A0076113B /* Int+Extension.swift in Sources */,
				1E5EF9A7229E5EA50076113B /* AppDelegate.swift in Sources */,
				1E6F7C6122AD4CE5006F284B /* Storyboards.swift in Sources */,
			);
			runOnlyForDeploymentPostprocessing = 0;
		};
		1E5EF9B3229E5EA70076113B /* Sources */ = {
			isa = PBXSourcesBuildPhase;
			buildActionMask = 2147483647;
			files = (
				1E5EF9BC229E5EA70076113B /* GenerambaTemplatesTests.swift in Sources */,
			);
			runOnlyForDeploymentPostprocessing = 0;
		};
		1E5EF9F922A03F7F0076113B /* Sources */ = {
			isa = PBXSourcesBuildPhase;
			buildActionMask = 2147483647;
			files = (
				1E6F7C5F22AD4BE6006F284B /* DefaultAsset.swift in Sources */,
				1E5EFA4422A0B1EC0076113B /* RoundButton.swift in Sources */,
			);
			runOnlyForDeploymentPostprocessing = 0;
		};
		1E5EFA0122A03F7F0076113B /* Sources */ = {
			isa = PBXSourcesBuildPhase;
			buildActionMask = 2147483647;
			files = (
			);
			runOnlyForDeploymentPostprocessing = 0;
		};
		1E5EFA1C22A040810076113B /* Sources */ = {
			isa = PBXSourcesBuildPhase;
			buildActionMask = 2147483647;
			files = (
			);
			runOnlyForDeploymentPostprocessing = 0;
		};
		1E5EFA2422A040810076113B /* Sources */ = {
			isa = PBXSourcesBuildPhase;
			buildActionMask = 2147483647;
			files = (
				1E5EFA3022A040810076113B /* UtilityTests.swift in Sources */,
			);
			runOnlyForDeploymentPostprocessing = 0;
		};
/* End PBXSourcesBuildPhase section */

/* Begin PBXTargetDependency section */
		1E5EF9B9229E5EA70076113B /* PBXTargetDependency */ = {
			isa = PBXTargetDependency;
			target = 1E5EF9A2229E5EA50076113B /* GenerambaTemplates */;
			targetProxy = 1E5EF9B8229E5EA70076113B /* PBXContainerItemProxy */;
		};
		1E5EFA0822A03F7F0076113B /* PBXTargetDependency */ = {
			isa = PBXTargetDependency;
			target = 1E5EF9FC22A03F7F0076113B /* UIComponent */;
			targetProxy = 1E5EFA0722A03F7F0076113B /* PBXContainerItemProxy */;
		};
		1E5EFA0A22A03F7F0076113B /* PBXTargetDependency */ = {
			isa = PBXTargetDependency;
			target = 1E5EF9A2229E5EA50076113B /* GenerambaTemplates */;
			targetProxy = 1E5EFA0922A03F7F0076113B /* PBXContainerItemProxy */;
		};
		1E5EFA1122A03F7F0076113B /* PBXTargetDependency */ = {
			isa = PBXTargetDependency;
			target = 1E5EF9FC22A03F7F0076113B /* UIComponent */;
			targetProxy = 1E5EFA1022A03F7F0076113B /* PBXContainerItemProxy */;
		};
		1E5EFA2B22A040810076113B /* PBXTargetDependency */ = {
			isa = PBXTargetDependency;
			target = 1E5EFA1F22A040810076113B /* Utility */;
			targetProxy = 1E5EFA2A22A040810076113B /* PBXContainerItemProxy */;
		};
		1E5EFA2D22A040810076113B /* PBXTargetDependency */ = {
			isa = PBXTargetDependency;
			target = 1E5EF9A2229E5EA50076113B /* GenerambaTemplates */;
			targetProxy = 1E5EFA2C22A040810076113B /* PBXContainerItemProxy */;
		};
		1E5EFA3422A040810076113B /* PBXTargetDependency */ = {
			isa = PBXTargetDependency;
			target = 1E5EFA1F22A040810076113B /* Utility */;
			targetProxy = 1E5EFA3322A040810076113B /* PBXContainerItemProxy */;
		};
/* End PBXTargetDependency section */

/* Begin PBXVariantGroup section */
		1E5EF9AF229E5EA70076113B /* LaunchScreen.storyboard */ = {
			isa = PBXVariantGroup;
			children = (
				1E5EF9B0229E5EA70076113B /* Base */,
			);
			name = LaunchScreen.storyboard;
			sourceTree = "<group>";
		};
/* End PBXVariantGroup section */

/* Begin XCBuildConfiguration section */
		1E5EF9BE229E5EA70076113B /* Debug */ = {
			isa = XCBuildConfiguration;
			buildSettings = {
				ALWAYS_SEARCH_USER_PATHS = NO;
				CLANG_ANALYZER_NONNULL = YES;
				CLANG_ANALYZER_NUMBER_OBJECT_CONVERSION = YES_AGGRESSIVE;
				CLANG_CXX_LANGUAGE_STANDARD = "gnu++14";
				CLANG_CXX_LIBRARY = "libc++";
				CLANG_ENABLE_MODULES = YES;
				CLANG_ENABLE_OBJC_ARC = YES;
				CLANG_ENABLE_OBJC_WEAK = YES;
				CLANG_WARN_BLOCK_CAPTURE_AUTORELEASING = YES;
				CLANG_WARN_BOOL_CONVERSION = YES;
				CLANG_WARN_COMMA = YES;
				CLANG_WARN_CONSTANT_CONVERSION = YES;
				CLANG_WARN_DEPRECATED_OBJC_IMPLEMENTATIONS = YES;
				CLANG_WARN_DIRECT_OBJC_ISA_USAGE = YES_ERROR;
				CLANG_WARN_DOCUMENTATION_COMMENTS = YES;
				CLANG_WARN_EMPTY_BODY = YES;
				CLANG_WARN_ENUM_CONVERSION = YES;
				CLANG_WARN_INFINITE_RECURSION = YES;
				CLANG_WARN_INT_CONVERSION = YES;
				CLANG_WARN_NON_LITERAL_NULL_CONVERSION = YES;
				CLANG_WARN_OBJC_IMPLICIT_RETAIN_SELF = YES;
				CLANG_WARN_OBJC_LITERAL_CONVERSION = YES;
				CLANG_WARN_OBJC_ROOT_CLASS = YES_ERROR;
				CLANG_WARN_RANGE_LOOP_ANALYSIS = YES;
				CLANG_WARN_STRICT_PROTOTYPES = YES;
				CLANG_WARN_SUSPICIOUS_MOVE = YES;
				CLANG_WARN_UNGUARDED_AVAILABILITY = YES_AGGRESSIVE;
				CLANG_WARN_UNREACHABLE_CODE = YES;
				CLANG_WARN__DUPLICATE_METHOD_MATCH = YES;
				CODE_SIGN_IDENTITY = "iPhone Developer";
				COPY_PHASE_STRIP = NO;
				DEBUG_INFORMATION_FORMAT = dwarf;
				ENABLE_STRICT_OBJC_MSGSEND = YES;
				ENABLE_TESTABILITY = YES;
				GCC_C_LANGUAGE_STANDARD = gnu11;
				GCC_DYNAMIC_NO_PIC = NO;
				GCC_NO_COMMON_BLOCKS = YES;
				GCC_OPTIMIZATION_LEVEL = 0;
				GCC_PREPROCESSOR_DEFINITIONS = (
					"DEBUG=1",
					"$(inherited)",
				);
				GCC_WARN_64_TO_32_BIT_CONVERSION = YES;
				GCC_WARN_ABOUT_RETURN_TYPE = YES_ERROR;
				GCC_WARN_UNDECLARED_SELECTOR = YES;
				GCC_WARN_UNINITIALIZED_AUTOS = YES_AGGRESSIVE;
				GCC_WARN_UNUSED_FUNCTION = YES;
				GCC_WARN_UNUSED_VARIABLE = YES;
				INFOPLIST_FILE = "";
				IPHONEOS_DEPLOYMENT_TARGET = 12.2;
				MTL_ENABLE_DEBUG_INFO = INCLUDE_SOURCE;
				MTL_FAST_MATH = YES;
				ONLY_ACTIVE_ARCH = YES;
				SDKROOT = iphoneos;
				SWIFT_ACTIVE_COMPILATION_CONDITIONS = DEBUG;
				SWIFT_OPTIMIZATION_LEVEL = "-Onone";
			};
			name = Debug;
		};
		1E5EF9BF229E5EA70076113B /* Release */ = {
			isa = XCBuildConfiguration;
			buildSettings = {
				ALWAYS_SEARCH_USER_PATHS = NO;
				CLANG_ANALYZER_NONNULL = YES;
				CLANG_ANALYZER_NUMBER_OBJECT_CONVERSION = YES_AGGRESSIVE;
				CLANG_CXX_LANGUAGE_STANDARD = "gnu++14";
				CLANG_CXX_LIBRARY = "libc++";
				CLANG_ENABLE_MODULES = YES;
				CLANG_ENABLE_OBJC_ARC = YES;
				CLANG_ENABLE_OBJC_WEAK = YES;
				CLANG_WARN_BLOCK_CAPTURE_AUTORELEASING = YES;
				CLANG_WARN_BOOL_CONVERSION = YES;
				CLANG_WARN_COMMA = YES;
				CLANG_WARN_CONSTANT_CONVERSION = YES;
				CLANG_WARN_DEPRECATED_OBJC_IMPLEMENTATIONS = YES;
				CLANG_WARN_DIRECT_OBJC_ISA_USAGE = YES_ERROR;
				CLANG_WARN_DOCUMENTATION_COMMENTS = YES;
				CLANG_WARN_EMPTY_BODY = YES;
				CLANG_WARN_ENUM_CONVERSION = YES;
				CLANG_WARN_INFINITE_RECURSION = YES;
				CLANG_WARN_INT_CONVERSION = YES;
				CLANG_WARN_NON_LITERAL_NULL_CONVERSION = YES;
				CLANG_WARN_OBJC_IMPLICIT_RETAIN_SELF = YES;
				CLANG_WARN_OBJC_LITERAL_CONVERSION = YES;
				CLANG_WARN_OBJC_ROOT_CLASS = YES_ERROR;
				CLANG_WARN_RANGE_LOOP_ANALYSIS = YES;
				CLANG_WARN_STRICT_PROTOTYPES = YES;
				CLANG_WARN_SUSPICIOUS_MOVE = YES;
				CLANG_WARN_UNGUARDED_AVAILABILITY = YES_AGGRESSIVE;
				CLANG_WARN_UNREACHABLE_CODE = YES;
				CLANG_WARN__DUPLICATE_METHOD_MATCH = YES;
				CODE_SIGN_IDENTITY = "iPhone Developer";
				COPY_PHASE_STRIP = NO;
				DEBUG_INFORMATION_FORMAT = "dwarf-with-dsym";
				ENABLE_NS_ASSERTIONS = NO;
				ENABLE_STRICT_OBJC_MSGSEND = YES;
				GCC_C_LANGUAGE_STANDARD = gnu11;
				GCC_NO_COMMON_BLOCKS = YES;
				GCC_WARN_64_TO_32_BIT_CONVERSION = YES;
				GCC_WARN_ABOUT_RETURN_TYPE = YES_ERROR;
				GCC_WARN_UNDECLARED_SELECTOR = YES;
				GCC_WARN_UNINITIALIZED_AUTOS = YES_AGGRESSIVE;
				GCC_WARN_UNUSED_FUNCTION = YES;
				GCC_WARN_UNUSED_VARIABLE = YES;
				INFOPLIST_FILE = "";
				IPHONEOS_DEPLOYMENT_TARGET = 12.2;
				MTL_ENABLE_DEBUG_INFO = NO;
				MTL_FAST_MATH = YES;
				SDKROOT = iphoneos;
				SWIFT_COMPILATION_MODE = wholemodule;
				SWIFT_OPTIMIZATION_LEVEL = "-O";
				VALIDATE_PRODUCT = YES;
			};
			name = Release;
		};
		1E5EF9C1229E5EA70076113B /* Debug */ = {
			isa = XCBuildConfiguration;
			baseConfigurationReference = 50916B6721A78AC46B240640 /* Pods-GenerambaTemplates.debug.xcconfig */;
			buildSettings = {
				ALWAYS_EMBED_SWIFT_STANDARD_LIBRARIES = YES;
				ASSETCATALOG_COMPILER_APPICON_NAME = AppIcon;
				CODE_SIGN_STYLE = Automatic;
				DEVELOPMENT_TEAM = Y827F3LXSQ;
				FRAMEWORK_SEARCH_PATHS = (
					"$(inherited)",
					"$(PROJECT_DIR)/Carthage/Build/iOS",
				);
				INFOPLIST_FILE = GenerambaTemplates/Supports/Info.plist;
				LD_RUNPATH_SEARCH_PATHS = (
					"$(inherited)",
					"@executable_path/Frameworks",
				);
				PRODUCT_BUNDLE_IDENTIFIER = com.iganin.GenerambaTemplates;
				PRODUCT_NAME = "$(TARGET_NAME)";
				SWIFT_VERSION = 5.0;
				TARGETED_DEVICE_FAMILY = "1,2";
			};
			name = Debug;
		};
		1E5EF9C2229E5EA70076113B /* Release */ = {
			isa = XCBuildConfiguration;
			baseConfigurationReference = 8D0274EBF0AFD485E79D20BA /* Pods-GenerambaTemplates.release.xcconfig */;
			buildSettings = {
				ALWAYS_EMBED_SWIFT_STANDARD_LIBRARIES = YES;
				ASSETCATALOG_COMPILER_APPICON_NAME = AppIcon;
				CODE_SIGN_STYLE = Automatic;
				DEVELOPMENT_TEAM = Y827F3LXSQ;
				FRAMEWORK_SEARCH_PATHS = (
					"$(inherited)",
					"$(PROJECT_DIR)/Carthage/Build/iOS",
				);
				INFOPLIST_FILE = GenerambaTemplates/Supports/Info.plist;
				LD_RUNPATH_SEARCH_PATHS = (
					"$(inherited)",
					"@executable_path/Frameworks",
				);
				PRODUCT_BUNDLE_IDENTIFIER = com.iganin.GenerambaTemplates;
				PRODUCT_NAME = "$(TARGET_NAME)";
				SWIFT_VERSION = 5.0;
				TARGETED_DEVICE_FAMILY = "1,2";
			};
			name = Release;
		};
		1E5EF9C4229E5EA70076113B /* Debug */ = {
			isa = XCBuildConfiguration;
			baseConfigurationReference = 2F47C328C94CA61DED8CB438 /* Pods-GenerambaTemplatesTests.debug.xcconfig */;
			buildSettings = {
				ALWAYS_EMBED_SWIFT_STANDARD_LIBRARIES = YES;
				BUNDLE_LOADER = "$(TEST_HOST)";
				CODE_SIGN_STYLE = Automatic;
				DEVELOPMENT_TEAM = Y827F3LXSQ;
				INFOPLIST_FILE = GenerambaTemplatesTests/Info.plist;
				LD_RUNPATH_SEARCH_PATHS = (
					"$(inherited)",
					"@executable_path/Frameworks",
					"@loader_path/Frameworks",
				);
				PRODUCT_BUNDLE_IDENTIFIER = com.iganin.GenerambaTemplatesTests;
				PRODUCT_NAME = "$(TARGET_NAME)";
				SWIFT_VERSION = 5.0;
				TARGETED_DEVICE_FAMILY = "1,2";
				TEST_HOST = "$(BUILT_PRODUCTS_DIR)/GenerambaTemplates.app/GenerambaTemplates";
			};
			name = Debug;
		};
		1E5EF9C5229E5EA70076113B /* Release */ = {
			isa = XCBuildConfiguration;
			baseConfigurationReference = 35CCD7B76E25B754D966A59A /* Pods-GenerambaTemplatesTests.release.xcconfig */;
			buildSettings = {
				ALWAYS_EMBED_SWIFT_STANDARD_LIBRARIES = YES;
				BUNDLE_LOADER = "$(TEST_HOST)";
				CODE_SIGN_STYLE = Automatic;
				DEVELOPMENT_TEAM = Y827F3LXSQ;
				INFOPLIST_FILE = GenerambaTemplatesTests/Info.plist;
				LD_RUNPATH_SEARCH_PATHS = (
					"$(inherited)",
					"@executable_path/Frameworks",
					"@loader_path/Frameworks",
				);
				PRODUCT_BUNDLE_IDENTIFIER = com.iganin.GenerambaTemplatesTests;
				PRODUCT_NAME = "$(TARGET_NAME)";
				SWIFT_VERSION = 5.0;
				TARGETED_DEVICE_FAMILY = "1,2";
				TEST_HOST = "$(BUILT_PRODUCTS_DIR)/GenerambaTemplates.app/GenerambaTemplates";
			};
			name = Release;
		};
		1E5EFA1522A03F7F0076113B /* Debug */ = {
			isa = XCBuildConfiguration;
			baseConfigurationReference = B8E8626F8AA0073BE5B16998 /* Pods-GenerambaTemplates-UIComponent.debug.xcconfig */;
			buildSettings = {
				CLANG_ENABLE_MODULES = YES;
				CODE_SIGN_IDENTITY = "";
				CODE_SIGN_STYLE = Automatic;
				CURRENT_PROJECT_VERSION = 1;
				DEFINES_MODULE = YES;
				DEVELOPMENT_TEAM = Y827F3LXSQ;
				DYLIB_COMPATIBILITY_VERSION = 1;
				DYLIB_CURRENT_VERSION = 1;
				DYLIB_INSTALL_NAME_BASE = "@rpath";
				INFOPLIST_FILE = UIComponent/Info.plist;
				INSTALL_PATH = "$(LOCAL_LIBRARY_DIR)/Frameworks";
				LD_RUNPATH_SEARCH_PATHS = (
					"$(inherited)",
					"@executable_path/Frameworks",
					"@loader_path/Frameworks",
				);
				PRODUCT_BUNDLE_IDENTIFIER = com.iganin.UIComponent;
				PRODUCT_NAME = "$(TARGET_NAME:c99extidentifier)";
				SKIP_INSTALL = YES;
				SWIFT_OPTIMIZATION_LEVEL = "-Onone";
				SWIFT_VERSION = 5.0;
				TARGETED_DEVICE_FAMILY = "1,2";
				VERSIONING_SYSTEM = "apple-generic";
				VERSION_INFO_PREFIX = "";
			};
			name = Debug;
		};
		1E5EFA1622A03F7F0076113B /* Release */ = {
			isa = XCBuildConfiguration;
			baseConfigurationReference = DD4E182782B42DDF04D8EA90 /* Pods-GenerambaTemplates-UIComponent.release.xcconfig */;
			buildSettings = {
				CLANG_ENABLE_MODULES = YES;
				CODE_SIGN_IDENTITY = "";
				CODE_SIGN_STYLE = Automatic;
				CURRENT_PROJECT_VERSION = 1;
				DEFINES_MODULE = YES;
				DEVELOPMENT_TEAM = Y827F3LXSQ;
				DYLIB_COMPATIBILITY_VERSION = 1;
				DYLIB_CURRENT_VERSION = 1;
				DYLIB_INSTALL_NAME_BASE = "@rpath";
				INFOPLIST_FILE = UIComponent/Info.plist;
				INSTALL_PATH = "$(LOCAL_LIBRARY_DIR)/Frameworks";
				LD_RUNPATH_SEARCH_PATHS = (
					"$(inherited)",
					"@executable_path/Frameworks",
					"@loader_path/Frameworks",
				);
				PRODUCT_BUNDLE_IDENTIFIER = com.iganin.UIComponent;
				PRODUCT_NAME = "$(TARGET_NAME:c99extidentifier)";
				SKIP_INSTALL = YES;
				SWIFT_VERSION = 5.0;
				TARGETED_DEVICE_FAMILY = "1,2";
				VERSIONING_SYSTEM = "apple-generic";
				VERSION_INFO_PREFIX = "";
			};
			name = Release;
		};
		1E5EFA1922A03F7F0076113B /* Debug */ = {
			isa = XCBuildConfiguration;
			buildSettings = {
				ALWAYS_EMBED_SWIFT_STANDARD_LIBRARIES = YES;
				CODE_SIGN_STYLE = Automatic;
				DEVELOPMENT_TEAM = Y827F3LXSQ;
				INFOPLIST_FILE = UIComponentTests/Info.plist;
				LD_RUNPATH_SEARCH_PATHS = (
					"$(inherited)",
					"@executable_path/Frameworks",
					"@loader_path/Frameworks",
				);
				PRODUCT_BUNDLE_IDENTIFIER = com.iganin.UIComponentTests;
				PRODUCT_NAME = "$(TARGET_NAME)";
				SWIFT_VERSION = 5.0;
				TARGETED_DEVICE_FAMILY = "1,2";
				TEST_HOST = "$(BUILT_PRODUCTS_DIR)/GenerambaTemplates.app/GenerambaTemplates";
			};
			name = Debug;
		};
		1E5EFA1A22A03F7F0076113B /* Release */ = {
			isa = XCBuildConfiguration;
			buildSettings = {
				ALWAYS_EMBED_SWIFT_STANDARD_LIBRARIES = YES;
				CODE_SIGN_STYLE = Automatic;
				DEVELOPMENT_TEAM = Y827F3LXSQ;
				INFOPLIST_FILE = UIComponentTests/Info.plist;
				LD_RUNPATH_SEARCH_PATHS = (
					"$(inherited)",
					"@executable_path/Frameworks",
					"@loader_path/Frameworks",
				);
				PRODUCT_BUNDLE_IDENTIFIER = com.iganin.UIComponentTests;
				PRODUCT_NAME = "$(TARGET_NAME)";
				SWIFT_VERSION = 5.0;
				TARGETED_DEVICE_FAMILY = "1,2";
				TEST_HOST = "$(BUILT_PRODUCTS_DIR)/GenerambaTemplates.app/GenerambaTemplates";
			};
			name = Release;
		};
		1E5EFA3822A040810076113B /* Debug */ = {
			isa = XCBuildConfiguration;
			buildSettings = {
				CODE_SIGN_IDENTITY = "";
				CODE_SIGN_STYLE = Automatic;
				CURRENT_PROJECT_VERSION = 1;
				DEFINES_MODULE = YES;
				DEVELOPMENT_TEAM = Y827F3LXSQ;
				DYLIB_COMPATIBILITY_VERSION = 1;
				DYLIB_CURRENT_VERSION = 1;
				DYLIB_INSTALL_NAME_BASE = "@rpath";
				INFOPLIST_FILE = Utility/Info.plist;
				INSTALL_PATH = "$(LOCAL_LIBRARY_DIR)/Frameworks";
				LD_RUNPATH_SEARCH_PATHS = (
					"$(inherited)",
					"@executable_path/Frameworks",
					"@loader_path/Frameworks",
				);
				PRODUCT_BUNDLE_IDENTIFIER = com.iganin.Utility;
				PRODUCT_NAME = "$(TARGET_NAME:c99extidentifier)";
				SKIP_INSTALL = YES;
				SWIFT_VERSION = 5.0;
				TARGETED_DEVICE_FAMILY = "1,2";
				VERSIONING_SYSTEM = "apple-generic";
				VERSION_INFO_PREFIX = "";
			};
			name = Debug;
		};
		1E5EFA3922A040810076113B /* Release */ = {
			isa = XCBuildConfiguration;
			buildSettings = {
				CODE_SIGN_IDENTITY = "";
				CODE_SIGN_STYLE = Automatic;
				CURRENT_PROJECT_VERSION = 1;
				DEFINES_MODULE = YES;
				DEVELOPMENT_TEAM = Y827F3LXSQ;
				DYLIB_COMPATIBILITY_VERSION = 1;
				DYLIB_CURRENT_VERSION = 1;
				DYLIB_INSTALL_NAME_BASE = "@rpath";
				INFOPLIST_FILE = Utility/Info.plist;
				INSTALL_PATH = "$(LOCAL_LIBRARY_DIR)/Frameworks";
				LD_RUNPATH_SEARCH_PATHS = (
					"$(inherited)",
					"@executable_path/Frameworks",
					"@loader_path/Frameworks",
				);
				PRODUCT_BUNDLE_IDENTIFIER = com.iganin.Utility;
				PRODUCT_NAME = "$(TARGET_NAME:c99extidentifier)";
				SKIP_INSTALL = YES;
				SWIFT_VERSION = 5.0;
				TARGETED_DEVICE_FAMILY = "1,2";
				VERSIONING_SYSTEM = "apple-generic";
				VERSION_INFO_PREFIX = "";
			};
			name = Release;
		};
		1E5EFA3B22A040810076113B /* Debug */ = {
			isa = XCBuildConfiguration;
			buildSettings = {
				ALWAYS_EMBED_SWIFT_STANDARD_LIBRARIES = YES;
				CODE_SIGN_STYLE = Automatic;
				DEVELOPMENT_TEAM = Y827F3LXSQ;
				INFOPLIST_FILE = UtilityTests/Info.plist;
				LD_RUNPATH_SEARCH_PATHS = (
					"$(inherited)",
					"@executable_path/Frameworks",
					"@loader_path/Frameworks",
				);
				PRODUCT_BUNDLE_IDENTIFIER = com.iganin.UtilityTests;
				PRODUCT_NAME = "$(TARGET_NAME)";
				SWIFT_VERSION = 5.0;
				TARGETED_DEVICE_FAMILY = "1,2";
				TEST_HOST = "$(BUILT_PRODUCTS_DIR)/GenerambaTemplates.app/GenerambaTemplates";
			};
			name = Debug;
		};
		1E5EFA3C22A040810076113B /* Release */ = {
			isa = XCBuildConfiguration;
			buildSettings = {
				ALWAYS_EMBED_SWIFT_STANDARD_LIBRARIES = YES;
				CODE_SIGN_STYLE = Automatic;
				DEVELOPMENT_TEAM = Y827F3LXSQ;
				INFOPLIST_FILE = UtilityTests/Info.plist;
				LD_RUNPATH_SEARCH_PATHS = (
					"$(inherited)",
					"@executable_path/Frameworks",
					"@loader_path/Frameworks",
				);
				PRODUCT_BUNDLE_IDENTIFIER = com.iganin.UtilityTests;
				PRODUCT_NAME = "$(TARGET_NAME)";
				SWIFT_VERSION = 5.0;
				TARGETED_DEVICE_FAMILY = "1,2";
				TEST_HOST = "$(BUILT_PRODUCTS_DIR)/GenerambaTemplates.app/GenerambaTemplates";
			};
			name = Release;
		};
/* End XCBuildConfiguration section */

/* Begin XCConfigurationList section */
		1E5EF99E229E5EA40076113B /* Build configuration list for PBXProject "GenerambaTemplates" */ = {
			isa = XCConfigurationList;
			buildConfigurations = (
				1E5EF9BE229E5EA70076113B /* Debug */,
				1E5EF9BF229E5EA70076113B /* Release */,
			);
			defaultConfigurationIsVisible = 0;
			defaultConfigurationName = Release;
		};
		1E5EF9C0229E5EA70076113B /* Build configuration list for PBXNativeTarget "GenerambaTemplates" */ = {
			isa = XCConfigurationList;
			buildConfigurations = (
				1E5EF9C1229E5EA70076113B /* Debug */,
				1E5EF9C2229E5EA70076113B /* Release */,
			);
			defaultConfigurationIsVisible = 0;
			defaultConfigurationName = Release;
		};
		1E5EF9C3229E5EA70076113B /* Build configuration list for PBXNativeTarget "GenerambaTemplatesTests" */ = {
			isa = XCConfigurationList;
			buildConfigurations = (
				1E5EF9C4229E5EA70076113B /* Debug */,
				1E5EF9C5229E5EA70076113B /* Release */,
			);
			defaultConfigurationIsVisible = 0;
			defaultConfigurationName = Release;
		};
		1E5EFA1422A03F7F0076113B /* Build configuration list for PBXNativeTarget "UIComponent" */ = {
			isa = XCConfigurationList;
			buildConfigurations = (
				1E5EFA1522A03F7F0076113B /* Debug */,
				1E5EFA1622A03F7F0076113B /* Release */,
			);
			defaultConfigurationIsVisible = 0;
			defaultConfigurationName = Release;
		};
		1E5EFA1822A03F7F0076113B /* Build configuration list for PBXNativeTarget "UIComponentTests" */ = {
			isa = XCConfigurationList;
			buildConfigurations = (
				1E5EFA1922A03F7F0076113B /* Debug */,
				1E5EFA1A22A03F7F0076113B /* Release */,
			);
			defaultConfigurationIsVisible = 0;
			defaultConfigurationName = Release;
		};
		1E5EFA3722A040810076113B /* Build configuration list for PBXNativeTarget "Utility" */ = {
			isa = XCConfigurationList;
			buildConfigurations = (
				1E5EFA3822A040810076113B /* Debug */,
				1E5EFA3922A040810076113B /* Release */,
			);
			defaultConfigurationIsVisible = 0;
			defaultConfigurationName = Release;
		};
		1E5EFA3A22A040810076113B /* Build configuration list for PBXNativeTarget "UtilityTests" */ = {
			isa = XCConfigurationList;
			buildConfigurations = (
				1E5EFA3B22A040810076113B /* Debug */,
				1E5EFA3C22A040810076113B /* Release */,
			);
			defaultConfigurationIsVisible = 0;
			defaultConfigurationName = Release;
		};
/* End XCConfigurationList section */
	};
	rootObject = 1E5EF99B229E5EA40076113B /* Project object */;
}
